
Microsoft Visual Studio Solution File, Format Version 12.00
# Visual Studio Version 17
VisualStudioVersion = 17.13.35818.85
MinimumVisualStudioVersion = 10.0.40219.1
Project("{FAE04EC0-301F-11D3-BF4B-00C04F79EFBC}") = "TaxiPark.Domain", "TaxiPark.Domain\TaxiPark.Domain.csproj", "{DB986E6A-2702-4FA3-979D-5DDE883A91D0}"
EndProject
Project("{2150E333-8FDC-42A3-9474-1A3956D46DE8}") = "src", "src", "{02EA681E-C7D8-13C7-8484-4AC65E1B71E8}"
EndProject
Project("{2150E333-8FDC-42A3-9474-1A3956D46DE8}") = "test", "test", "{767BA685-D300-484D-9FE9-D89A076D538A}"
	ProjectSection(SolutionItems) = preProject
		TextFile1.txt = TextFile1.txt
	EndProjectSection
EndProject
Global
	GlobalSection(SolutionConfigurationPlatforms) = preSolution
		Debug|Any CPU = Debug|Any CPU
		Release|Any CPU = Release|Any CPU
	EndGlobalSection
	GlobalSection(ProjectConfigurationPlatforms) = postSolution
		{DB986E6A-2702-4FA3-979D-5DDE883A91D0}.Debug|Any CPU.ActiveCfg = Debug|Any CPU
		{DB986E6A-2702-4FA3-979D-5DDE883A91D0}.Debug|Any CPU.Build.0 = Debug|Any CPU
		{DB986E6A-2702-4FA3-979D-5DDE883A91D0}.Release|Any CPU.ActiveCfg = Release|Any CPU
		{DB986E6A-2702-4FA3-979D-5DDE883A91D0}.Release|Any CPU.Build.0 = Release|Any CPU
	EndGlobalSection
	GlobalSection(SolutionProperties) = preSolution
		HideSolutionNode = FALSE
	EndGlobalSection
	GlobalSection(NestedProjects) = preSolution
		{DB986E6A-2702-4FA3-979D-5DDE883A91D0} = {02EA681E-C7D8-13C7-8484-4AC65E1B71E8}
	EndGlobalSection
	GlobalSection(ExtensibilityGlobals) = postSolution
		SolutionGuid = {6CCE005E-1710-42F2-BEF7-DD06A9906F45}
	EndGlobalSection
EndGlobal
